
Microsoft Visual Studio Solution File, Format Version 12.00
# Visual Studio Version 17
VisualStudioVersion = 17.1.32228.430
MinimumVisualStudioVersion = 10.0.40219.1
Project("{FAE04EC0-301F-11D3-BF4B-00C04F79EFBC}") = "CadastroComParametros", "CadastroComParametros\CadastroComParametros.csproj", "{072E9B0A-ABDE-43C0-A12F-50A70D6FC339}"
EndProject
Global
	GlobalSection(SolutionConfigurationPlatforms) = preSolution
		Debug|Any CPU = Debug|Any CPU
		Release|Any CPU = Release|Any CPU
	EndGlobalSection
	GlobalSection(ProjectConfigurationPlatforms) = postSolution
		{072E9B0A-ABDE-43C0-A12F-50A70D6FC339}.Debug|Any CPU.ActiveCfg = Debug|Any CPU
		{072E9B0A-ABDE-43C0-A12F-50A70D6FC339}.Debug|Any CPU.Build.0 = Debug|Any CPU
		{072E9B0A-ABDE-43C0-A12F-50A70D6FC339}.Release|Any CPU.ActiveCfg = Release|Any CPU
		{072E9B0A-ABDE-43C0-A12F-50A70D6FC339}.Release|Any CPU.Build.0 = Release|Any CPU
	EndGlobalSection
	GlobalSection(SolutionProperties) = preSolution
		HideSolutionNode = FALSE
	EndGlobalSection
	GlobalSection(ExtensibilityGlobals) = postSolution
		SolutionGuid = {920F5C1F-A4BF-4AE4-B19C-BE4A950B7B26}
	EndGlobalSection
EndGlobal
